<?xml version="1.0" encoding="utf-8"?>
<Project ToolsVersion="4.0" xmlns="http://schemas.microsoft.com/developer/msbuild/2003">
  <ItemGroup>
    <Filter Include="Source Files">
      <UniqueIdentifier>{4FC737F1-C7A5-4376-A066-2A32D752A2FF}</UniqueIdentifier>
      <Extensions>cpp;c;cc;cxx;c++;cppm;ixx;def;odl;idl;hpj;bat;asm;asmx</Extensions>
    </Filter>
    <Filter Include="Header Files">
      <UniqueIdentifier>{93995380-89BD-4b04-88EB-625FBE52EBFB}</UniqueIdentifier>
      <Extensions>h;hh;hpp;hxx;h++;hm;inl;inc;ipp;xsd</Extensions>
    </Filter>
    <Filter Include="Resource Files">
      <UniqueIdentifier>{67DA6AB6-F800-4c08-8B7A-83BB121AAD01}</UniqueIdentifier>
      <Extensions>rc;ico;cur;bmp;dlg;rc2;rct;bin;rgs;gif;jpg;jpeg;jpe;resx;tiff;tif;png;wav;mfcribbon-ms</Extensions>
    </Filter>
    <Filter Include="Source Files\ImGUI">
      <UniqueIdentifier>{159ba3c4-3539-4a00-870e-da4c13262111}</UniqueIdentifier>
    </Filter>
    <Filter Include="Resource Files\Shaders">
      <UniqueIdentifier>{4dc02807-710c-4383-9a6b-05f826b21273}</UniqueIdentifier>
    </Filter>
    <Filter Include="Source Files\Shaders">
      <UniqueIdentifier>{651fa3bf-eb0e-4cf6-bf76-ceaa8abcd39d}</UniqueIdentifier>
    </Filter>
    <Filter Include="Header Files\Shaders">
      <UniqueIdentifier>{58636a37-cb96-4666-ad41-d41880765ab4}</UniqueIdentifier>
    </Filter>
    <Filter Include="Header Files\Windows">
      <UniqueIdentifier>{f828db1b-118c-4690-877d-654731a937cf}</UniqueIdentifier>
    </Filter>
    <Filter Include="Source Files\Vendor">
      <UniqueIdentifier>{e3391cfe-7990-4928-89a8-4013b8ef345e}</UniqueIdentifier>
    </Filter>
    <Filter Include="Source Files\Utils">
      <UniqueIdentifier>{5a3b1dae-f08e-4c76-b61e-6ea9780c12d6}</UniqueIdentifier>
    </Filter>
    <Filter Include="Source Files\Package">
      <UniqueIdentifier>{4e1df082-88e4-42f2-bc78-cc76c47373e4}</UniqueIdentifier>
    </Filter>
  </ItemGroup>
  <ItemGroup>
    <ClCompile Include="VivaEngine.cpp">
      <Filter>Source Files</Filter>
    </ClCompile>
    <ClCompile Include="vender\imguii\imgui_tables.cpp">
      <Filter>Source Files\ImGUI</Filter>
    </ClCompile>
    <ClCompile Include="vender\imguii\imgui_widgets.cpp">
      <Filter>Source Files\ImGUI</Filter>
    </ClCompile>
    <ClCompile Include="vender\imguii\imgui.cpp">
      <Filter>Source Files\ImGUI</Filter>
    </ClCompile>
    <ClCompile Include="vender\imguii\imgui_demo.cpp">
      <Filter>Source Files\ImGUI</Filter>
    </ClCompile>
    <ClCompile Include="vender\imguii\imgui_draw.cpp">
      <Filter>Source Files\ImGUI</Filter>
    </ClCompile>
    <ClCompile Include="vender\imguii\imgui_impl_glfw.cpp">
      <Filter>Source Files\ImGUI</Filter>
    </ClCompile>
    <ClCompile Include="vender\imguii\imgui_impl_opengl3.cpp">
      <Filter>Source Files\ImGUI</Filter>
    </ClCompile>
    <ClCompile Include="glad.c">
      <Filter>Source Files</Filter>
    </ClCompile>
    <ClCompile Include="Shaders\VBO.cpp">
      <Filter>Source Files\Shaders</Filter>
    </ClCompile>
    <ClCompile Include="Shaders\VAO.cpp">
      <Filter>Source Files\Shaders</Filter>
    </ClCompile>
    <ClCompile Include="Shaders\ShaderClass.cpp">
      <Filter>Source Files\Shaders</Filter>
    </ClCompile>
    <ClCompile Include="Shaders\EBO.cpp">
      <Filter>Source Files\Shaders</Filter>
    </ClCompile>
    <ClCompile Include="Shaders\FrameBuffer.cpp">
      <Filter>Source Files\Shaders</Filter>
    </ClCompile>
    <ClCompile Include="stb_image.cpp">
      <Filter>Source Files\Vendor</Filter>
    </ClCompile>
    <ClCompile Include="Shaders\Texture.cpp">
      <Filter>Source Files\Shaders</Filter>
    </ClCompile>
    <ClCompile Include="Camera.cpp">
      <Filter>Source Files</Filter>
    </ClCompile>
    <ClCompile Include="VinceWindow.cpp">
      <Filter>Source Files</Filter>
    </ClCompile>
    <ClCompile Include="Actor.cpp">
      <Filter>Source Files</Filter>
    </ClCompile>
    <ClCompile Include="Component.cpp">
      <Filter>Source Files</Filter>
    </ClCompile>
    <ClCompile Include="Components\StaticMeshComponent.cpp">
      <Filter>Source Files</Filter>
    </ClCompile>
    <ClCompile Include="Components\LightComponent.cpp">
      <Filter>Source Files</Filter>
    </ClCompile>
    <ClCompile Include="World.cpp">
      <Filter>Source Files</Filter>
    </ClCompile>
    <ClCompile Include="Components\MovementComponent.cpp">
      <Filter>Source Files</Filter>
    </ClCompile>
    <ClCompile Include="vender\JoltPhysics\Jolt\AABBTree\AABBTreeBuilder.cpp">
      <Filter>Source Files</Filter>
    </ClCompile>
    <ClCompile Include="vender\JoltPhysics\Jolt\Core\Color.cpp">
      <Filter>Source Files</Filter>
    </ClCompile>
    <ClCompile Include="vender\JoltPhysics\Jolt\Core\Factory.cpp">
      <Filter>Source Files</Filter>
    </ClCompile>
    <ClCompile Include="vender\JoltPhysics\Jolt\Core\IssueReporting.cpp">
      <Filter>Source Files</Filter>
    </ClCompile>
    <ClCompile Include="vender\JoltPhysics\Jolt\Core\JobSystemSingleThreaded.cpp">
      <Filter>Source Files</Filter>
    </ClCompile>
    <ClCompile Include="vender\JoltPhysics\Jolt\Core\JobSystemThreadPool.cpp">
      <Filter>Source Files</Filter>
    </ClCompile>
    <ClCompile Include="vender\JoltPhysics\Jolt\Core\JobSystemWithBarrier.cpp">
      <Filter>Source Files</Filter>
    </ClCompile>
    <ClCompile Include="vender\JoltPhysics\Jolt\Core\LinearCurve.cpp">
      <Filter>Source Files</Filter>
    </ClCompile>
    <ClCompile Include="vender\JoltPhysics\Jolt\Core\Memory.cpp">
      <Filter>Source Files</Filter>
    </ClCompile>
    <ClCompile Include="vender\JoltPhysics\Jolt\Core\Profiler.cpp">
      <Filter>Source Files</Filter>
    </ClCompile>
    <ClCompile Include="vender\JoltPhysics\Jolt\Core\RTTI.cpp">
      <Filter>Source Files</Filter>
    </ClCompile>
    <ClCompile Include="vender\JoltPhysics\Jolt\Core\Semaphore.cpp">
      <Filter>Source Files</Filter>
    </ClCompile>
    <ClCompile Include="vender\JoltPhysics\Jolt\Core\StringTools.cpp">
      <Filter>Source Files</Filter>
    </ClCompile>
    <ClCompile Include="vender\JoltPhysics\Jolt\Core\TickCounter.cpp">
      <Filter>Source Files</Filter>
    </ClCompile>
    <ClCompile Include="vender\JoltPhysics\Jolt\Geometry\ConvexHullBuilder.cpp">
      <Filter>Source Files</Filter>
    </ClCompile>
    <ClCompile Include="vender\JoltPhysics\Jolt\Geometry\ConvexHullBuilder2D.cpp">
      <Filter>Source Files</Filter>
    </ClCompile>
    <ClCompile Include="vender\JoltPhysics\Jolt\Geometry\Indexify.cpp">
      <Filter>Source Files</Filter>
    </ClCompile>
    <ClCompile Include="vender\JoltPhysics\Jolt\Geometry\OrientedBox.cpp">
      <Filter>Source Files</Filter>
    </ClCompile>
    <ClCompile Include="vender\JoltPhysics\Jolt\Math\Vec3.cpp">
      <Filter>Source Files</Filter>
    </ClCompile>
    <ClCompile Include="vender\JoltPhysics\Jolt\ObjectStream\ObjectStream.cpp">
      <Filter>Source Files</Filter>
    </ClCompile>
    <ClCompile Include="vender\JoltPhysics\Jolt\ObjectStream\ObjectStreamBinaryIn.cpp">
      <Filter>Source Files</Filter>
    </ClCompile>
    <ClCompile Include="vender\JoltPhysics\Jolt\ObjectStream\ObjectStreamBinaryOut.cpp">
      <Filter>Source Files</Filter>
    </ClCompile>
    <ClCompile Include="vender\JoltPhysics\Jolt\ObjectStream\ObjectStreamIn.cpp">
      <Filter>Source Files</Filter>
    </ClCompile>
    <ClCompile Include="vender\JoltPhysics\Jolt\ObjectStream\ObjectStreamOut.cpp">
      <Filter>Source Files</Filter>
    </ClCompile>
    <ClCompile Include="vender\JoltPhysics\Jolt\ObjectStream\ObjectStreamTextIn.cpp">
      <Filter>Source Files</Filter>
    </ClCompile>
    <ClCompile Include="vender\JoltPhysics\Jolt\ObjectStream\ObjectStreamTextOut.cpp">
      <Filter>Source Files</Filter>
    </ClCompile>
    <ClCompile Include="vender\JoltPhysics\Jolt\ObjectStream\SerializableObject.cpp">
      <Filter>Source Files</Filter>
    </ClCompile>
    <ClCompile Include="vender\JoltPhysics\Jolt\ObjectStream\TypeDeclarations.cpp">
      <Filter>Source Files</Filter>
    </ClCompile>
    <ClCompile Include="vender\JoltPhysics\Jolt\Physics\Body\Body.cpp">
      <Filter>Source Files</Filter>
    </ClCompile>
    <ClCompile Include="vender\JoltPhysics\Jolt\Physics\Body\BodyCreationSettings.cpp">
      <Filter>Source Files</Filter>
    </ClCompile>
    <ClCompile Include="vender\JoltPhysics\Jolt\Physics\Body\BodyInterface.cpp">
      <Filter>Source Files</Filter>
    </ClCompile>
    <ClCompile Include="vender\JoltPhysics\Jolt\Physics\Body\BodyManager.cpp">
      <Filter>Source Files</Filter>
    </ClCompile>
    <ClCompile Include="vender\JoltPhysics\Jolt\Physics\Body\MassProperties.cpp">
      <Filter>Source Files</Filter>
    </ClCompile>
    <ClCompile Include="vender\JoltPhysics\Jolt\Physics\Body\MotionProperties.cpp">
      <Filter>Source Files</Filter>
    </ClCompile>
    <ClCompile Include="vender\JoltPhysics\Jolt\Physics\Character\Character.cpp">
      <Filter>Source Files</Filter>
    </ClCompile>
    <ClCompile Include="vender\JoltPhysics\Jolt\Physics\Character\CharacterBase.cpp">
      <Filter>Source Files</Filter>
    </ClCompile>
    <ClCompile Include="vender\JoltPhysics\Jolt\Physics\Character\CharacterVirtual.cpp">
      <Filter>Source Files</Filter>
    </ClCompile>
    <ClCompile Include="vender\JoltPhysics\Jolt\Physics\Collision\BroadPhase\BroadPhase.cpp">
      <Filter>Source Files</Filter>
    </ClCompile>
    <ClCompile Include="vender\JoltPhysics\Jolt\Physics\Collision\BroadPhase\BroadPhaseBruteForce.cpp">
      <Filter>Source Files</Filter>
    </ClCompile>
    <ClCompile Include="vender\JoltPhysics\Jolt\Physics\Collision\BroadPhase\BroadPhaseQuadTree.cpp">
      <Filter>Source Files</Filter>
    </ClCompile>
    <ClCompile Include="vender\JoltPhysics\Jolt\Physics\Collision\BroadPhase\QuadTree.cpp">
      <Filter>Source Files</Filter>
    </ClCompile>
    <ClCompile Include="vender\JoltPhysics\Jolt\Physics\Collision\Shape\BoxShape.cpp">
      <Filter>Source Files</Filter>
    </ClCompile>
    <ClCompile Include="vender\JoltPhysics\Jolt\Physics\Collision\Shape\CapsuleShape.cpp">
      <Filter>Source Files</Filter>
    </ClCompile>
    <ClCompile Include="vender\JoltPhysics\Jolt\Physics\Collision\Shape\CompoundShape.cpp">
      <Filter>Source Files</Filter>
    </ClCompile>
    <ClCompile Include="vender\JoltPhysics\Jolt\Physics\Collision\Shape\ConvexHullShape.cpp">
      <Filter>Source Files</Filter>
    </ClCompile>
    <ClCompile Include="vender\JoltPhysics\Jolt\Physics\Collision\Shape\ConvexShape.cpp">
      <Filter>Source Files</Filter>
    </ClCompile>
    <ClCompile Include="vender\JoltPhysics\Jolt\Physics\Collision\Shape\CylinderShape.cpp">
      <Filter>Source Files</Filter>
    </ClCompile>
    <ClCompile Include="vender\JoltPhysics\Jolt\Physics\Collision\Shape\DecoratedShape.cpp">
      <Filter>Source Files</Filter>
    </ClCompile>
    <ClCompile Include="vender\JoltPhysics\Jolt\Physics\Collision\Shape\EmptyShape.cpp">
      <Filter>Source Files</Filter>
    </ClCompile>
    <ClCompile Include="vender\JoltPhysics\Jolt\Physics\Collision\Shape\HeightFieldShape.cpp">
      <Filter>Source Files</Filter>
    </ClCompile>
    <ClCompile Include="vender\JoltPhysics\Jolt\Physics\Collision\Shape\MeshShape.cpp">
      <Filter>Source Files</Filter>
    </ClCompile>
    <ClCompile Include="vender\JoltPhysics\Jolt\Physics\Collision\Shape\MutableCompoundShape.cpp">
      <Filter>Source Files</Filter>
    </ClCompile>
    <ClCompile Include="vender\JoltPhysics\Jolt\Physics\Collision\Shape\OffsetCenterOfMassShape.cpp">
      <Filter>Source Files</Filter>
    </ClCompile>
    <ClCompile Include="vender\JoltPhysics\Jolt\Physics\Collision\Shape\PlaneShape.cpp">
      <Filter>Source Files</Filter>
    </ClCompile>
    <ClCompile Include="vender\JoltPhysics\Jolt\Physics\Collision\Shape\RotatedTranslatedShape.cpp">
      <Filter>Source Files</Filter>
    </ClCompile>
    <ClCompile Include="vender\JoltPhysics\Jolt\Physics\Collision\Shape\ScaledShape.cpp">
      <Filter>Source Files</Filter>
    </ClCompile>
    <ClCompile Include="vender\JoltPhysics\Jolt\Physics\Collision\Shape\Shape.cpp">
      <Filter>Source Files</Filter>
    </ClCompile>
    <ClCompile Include="vender\JoltPhysics\Jolt\Physics\Collision\Shape\SphereShape.cpp">
      <Filter>Source Files</Filter>
    </ClCompile>
    <ClCompile Include="vender\JoltPhysics\Jolt\Physics\Collision\Shape\StaticCompoundShape.cpp">
      <Filter>Source Files</Filter>
    </ClCompile>
    <ClCompile Include="vender\JoltPhysics\Jolt\Physics\Collision\Shape\TaperedCapsuleShape.cpp">
      <Filter>Source Files</Filter>
    </ClCompile>
    <ClCompile Include="vender\JoltPhysics\Jolt\Physics\Collision\Shape\TaperedCylinderShape.cpp">
      <Filter>Source Files</Filter>
    </ClCompile>
    <ClCompile Include="vender\JoltPhysics\Jolt\Physics\Collision\Shape\TriangleShape.cpp">
      <Filter>Source Files</Filter>
    </ClCompile>
    <ClCompile Include="vender\JoltPhysics\Jolt\Physics\Collision\CastConvexVsTriangles.cpp">
      <Filter>Source Files</Filter>
    </ClCompile>
    <ClCompile Include="vender\JoltPhysics\Jolt\Physics\Collision\CastSphereVsTriangles.cpp">
      <Filter>Source Files</Filter>
    </ClCompile>
    <ClCompile Include="vender\JoltPhysics\Jolt\Physics\Collision\CollideConvexVsTriangles.cpp">
      <Filter>Source Files</Filter>
    </ClCompile>
    <ClCompile Include="vender\JoltPhysics\Jolt\Physics\Collision\CollideSphereVsTriangles.cpp">
      <Filter>Source Files</Filter>
    </ClCompile>
    <ClCompile Include="vender\JoltPhysics\Jolt\Physics\Collision\CollisionDispatch.cpp">
      <Filter>Source Files</Filter>
    </ClCompile>
    <ClCompile Include="vender\JoltPhysics\Jolt\Physics\Collision\CollisionGroup.cpp">
      <Filter>Source Files</Filter>
    </ClCompile>
    <ClCompile Include="vender\JoltPhysics\Jolt\Physics\Collision\EstimateCollisionResponse.cpp">
      <Filter>Source Files</Filter>
    </ClCompile>
    <ClCompile Include="vender\JoltPhysics\Jolt\Physics\Collision\GroupFilter.cpp">
      <Filter>Source Files</Filter>
    </ClCompile>
    <ClCompile Include="vender\JoltPhysics\Jolt\Physics\Collision\GroupFilterTable.cpp">
      <Filter>Source Files</Filter>
    </ClCompile>
    <ClCompile Include="vender\JoltPhysics\Jolt\Physics\Collision\ManifoldBetweenTwoFaces.cpp">
      <Filter>Source Files</Filter>
    </ClCompile>
    <ClCompile Include="vender\JoltPhysics\Jolt\Physics\Collision\NarrowPhaseQuery.cpp">
      <Filter>Source Files</Filter>
    </ClCompile>
    <ClCompile Include="vender\JoltPhysics\Jolt\Physics\Collision\NarrowPhaseStats.cpp">
      <Filter>Source Files</Filter>
    </ClCompile>
    <ClCompile Include="vender\JoltPhysics\Jolt\Physics\Collision\PhysicsMaterial.cpp">
      <Filter>Source Files</Filter>
    </ClCompile>
    <ClCompile Include="vender\JoltPhysics\Jolt\Physics\Collision\PhysicsMaterialSimple.cpp">
      <Filter>Source Files</Filter>
    </ClCompile>
    <ClCompile Include="vender\JoltPhysics\Jolt\Physics\Collision\TransformedShape.cpp">
      <Filter>Source Files</Filter>
    </ClCompile>
    <ClCompile Include="vender\JoltPhysics\Jolt\Physics\Constraints\ConeConstraint.cpp">
      <Filter>Source Files</Filter>
    </ClCompile>
    <ClCompile Include="vender\JoltPhysics\Jolt\Physics\Constraints\Constraint.cpp">
      <Filter>Source Files</Filter>
    </ClCompile>
    <ClCompile Include="vender\JoltPhysics\Jolt\Physics\Constraints\ConstraintManager.cpp">
      <Filter>Source Files</Filter>
    </ClCompile>
    <ClCompile Include="vender\JoltPhysics\Jolt\Physics\Constraints\ContactConstraintManager.cpp">
      <Filter>Source Files</Filter>
    </ClCompile>
    <ClCompile Include="vender\JoltPhysics\Jolt\Physics\Constraints\DistanceConstraint.cpp">
      <Filter>Source Files</Filter>
    </ClCompile>
    <ClCompile Include="vender\JoltPhysics\Jolt\Physics\Constraints\FixedConstraint.cpp">
      <Filter>Source Files</Filter>
    </ClCompile>
    <ClCompile Include="vender\JoltPhysics\Jolt\Physics\Constraints\GearConstraint.cpp">
      <Filter>Source Files</Filter>
    </ClCompile>
    <ClCompile Include="vender\JoltPhysics\Jolt\Physics\Constraints\HingeConstraint.cpp">
      <Filter>Source Files</Filter>
    </ClCompile>
    <ClCompile Include="vender\JoltPhysics\Jolt\Physics\Constraints\MotorSettings.cpp">
      <Filter>Source Files</Filter>
    </ClCompile>
    <ClCompile Include="vender\JoltPhysics\Jolt\Physics\Constraints\PathConstraint.cpp">
      <Filter>Source Files</Filter>
    </ClCompile>
    <ClCompile Include="vender\JoltPhysics\Jolt\Physics\Constraints\PathConstraintPath.cpp">
      <Filter>Source Files</Filter>
    </ClCompile>
    <ClCompile Include="vender\JoltPhysics\Jolt\Physics\Constraints\PathConstraintPathHermite.cpp">
      <Filter>Source Files</Filter>
    </ClCompile>
    <ClCompile Include="vender\JoltPhysics\Jolt\Physics\Constraints\PointConstraint.cpp">
      <Filter>Source Files</Filter>
    </ClCompile>
    <ClCompile Include="vender\JoltPhysics\Jolt\Physics\Constraints\PulleyConstraint.cpp">
      <Filter>Source Files</Filter>
    </ClCompile>
    <ClCompile Include="vender\JoltPhysics\Jolt\Physics\Constraints\RackAndPinionConstraint.cpp">
      <Filter>Source Files</Filter>
    </ClCompile>
    <ClCompile Include="vender\JoltPhysics\Jolt\Physics\Constraints\SixDOFConstraint.cpp">
      <Filter>Source Files</Filter>
    </ClCompile>
    <ClCompile Include="vender\JoltPhysics\Jolt\Physics\Constraints\SliderConstraint.cpp">
      <Filter>Source Files</Filter>
    </ClCompile>
    <ClCompile Include="vender\JoltPhysics\Jolt\Physics\Constraints\SpringSettings.cpp">
      <Filter>Source Files</Filter>
    </ClCompile>
    <ClCompile Include="vender\JoltPhysics\Jolt\Physics\Constraints\SwingTwistConstraint.cpp">
      <Filter>Source Files</Filter>
    </ClCompile>
    <ClCompile Include="vender\JoltPhysics\Jolt\Physics\Constraints\TwoBodyConstraint.cpp">
      <Filter>Source Files</Filter>
    </ClCompile>
    <ClCompile Include="vender\JoltPhysics\Jolt\Physics\Ragdoll\Ragdoll.cpp">
      <Filter>Source Files</Filter>
    </ClCompile>
    <ClCompile Include="vender\JoltPhysics\Jolt\Physics\SoftBody\SoftBodyCreationSettings.cpp">
      <Filter>Source Files</Filter>
    </ClCompile>
    <ClCompile Include="vender\JoltPhysics\Jolt\Physics\SoftBody\SoftBodyMotionProperties.cpp">
      <Filter>Source Files</Filter>
    </ClCompile>
    <ClCompile Include="vender\JoltPhysics\Jolt\Physics\SoftBody\SoftBodyShape.cpp">
      <Filter>Source Files</Filter>
    </ClCompile>
    <ClCompile Include="vender\JoltPhysics\Jolt\Physics\SoftBody\SoftBodySharedSettings.cpp">
      <Filter>Source Files</Filter>
    </ClCompile>
    <ClCompile Include="vender\JoltPhysics\Jolt\Physics\Vehicle\MotorcycleController.cpp">
      <Filter>Source Files</Filter>
    </ClCompile>
    <ClCompile Include="vender\JoltPhysics\Jolt\Physics\Vehicle\TrackedVehicleController.cpp">
      <Filter>Source Files</Filter>
    </ClCompile>
    <ClCompile Include="vender\JoltPhysics\Jolt\Physics\Vehicle\VehicleAntiRollBar.cpp">
      <Filter>Source Files</Filter>
    </ClCompile>
    <ClCompile Include="vender\JoltPhysics\Jolt\Physics\Vehicle\VehicleCollisionTester.cpp">
      <Filter>Source Files</Filter>
    </ClCompile>
    <ClCompile Include="vender\JoltPhysics\Jolt\Physics\Vehicle\VehicleConstraint.cpp">
      <Filter>Source Files</Filter>
    </ClCompile>
    <ClCompile Include="vender\JoltPhysics\Jolt\Physics\Vehicle\VehicleController.cpp">
      <Filter>Source Files</Filter>
    </ClCompile>
    <ClCompile Include="vender\JoltPhysics\Jolt\Physics\Vehicle\VehicleDifferential.cpp">
      <Filter>Source Files</Filter>
    </ClCompile>
    <ClCompile Include="vender\JoltPhysics\Jolt\Physics\Vehicle\VehicleEngine.cpp">
      <Filter>Source Files</Filter>
    </ClCompile>
    <ClCompile Include="vender\JoltPhysics\Jolt\Physics\Vehicle\VehicleTrack.cpp">
      <Filter>Source Files</Filter>
    </ClCompile>
    <ClCompile Include="vender\JoltPhysics\Jolt\Physics\Vehicle\VehicleTransmission.cpp">
      <Filter>Source Files</Filter>
    </ClCompile>
    <ClCompile Include="vender\JoltPhysics\Jolt\Physics\Vehicle\Wheel.cpp">
      <Filter>Source Files</Filter>
    </ClCompile>
    <ClCompile Include="vender\JoltPhysics\Jolt\Physics\Vehicle\WheeledVehicleController.cpp">
      <Filter>Source Files</Filter>
    </ClCompile>
    <ClCompile Include="vender\JoltPhysics\Jolt\Physics\DeterminismLog.cpp">
      <Filter>Source Files</Filter>
    </ClCompile>
    <ClCompile Include="vender\JoltPhysics\Jolt\Physics\IslandBuilder.cpp">
      <Filter>Source Files</Filter>
    </ClCompile>
    <ClCompile Include="vender\JoltPhysics\Jolt\Physics\LargeIslandSplitter.cpp">
      <Filter>Source Files</Filter>
    </ClCompile>
    <ClCompile Include="vender\JoltPhysics\Jolt\Physics\PhysicsScene.cpp">
      <Filter>Source Files</Filter>
    </ClCompile>
    <ClCompile Include="vender\JoltPhysics\Jolt\Physics\PhysicsSystem.cpp">
      <Filter>Source Files</Filter>
    </ClCompile>
    <ClCompile Include="vender\JoltPhysics\Jolt\Physics\PhysicsUpdateContext.cpp">
      <Filter>Source Files</Filter>
    </ClCompile>
    <ClCompile Include="vender\JoltPhysics\Jolt\Physics\StateRecorderImpl.cpp">
      <Filter>Source Files</Filter>
    </ClCompile>
    <ClCompile Include="vender\JoltPhysics\Jolt\Renderer\DebugRenderer.cpp">
      <Filter>Source Files</Filter>
    </ClCompile>
    <ClCompile Include="vender\JoltPhysics\Jolt\Renderer\DebugRendererPlayback.cpp">
      <Filter>Source Files</Filter>
    </ClCompile>
    <ClCompile Include="vender\JoltPhysics\Jolt\Renderer\DebugRendererRecorder.cpp">
      <Filter>Source Files</Filter>
    </ClCompile>
    <ClCompile Include="vender\JoltPhysics\Jolt\Renderer\DebugRendererSimple.cpp">
      <Filter>Source Files</Filter>
    </ClCompile>
    <ClCompile Include="vender\JoltPhysics\Jolt\Skeleton\SkeletalAnimation.cpp">
      <Filter>Source Files</Filter>
    </ClCompile>
    <ClCompile Include="vender\JoltPhysics\Jolt\Skeleton\Skeleton.cpp">
      <Filter>Source Files</Filter>
    </ClCompile>
    <ClCompile Include="vender\JoltPhysics\Jolt\Skeleton\SkeletonMapper.cpp">
      <Filter>Source Files</Filter>
    </ClCompile>
    <ClCompile Include="vender\JoltPhysics\Jolt\Skeleton\SkeletonPose.cpp">
      <Filter>Source Files</Filter>
    </ClCompile>
    <ClCompile Include="vender\JoltPhysics\Jolt\TriangleSplitter\TriangleSplitter.cpp">
      <Filter>Source Files</Filter>
    </ClCompile>
    <ClCompile Include="vender\JoltPhysics\Jolt\TriangleSplitter\TriangleSplitterBinning.cpp">
      <Filter>Source Files</Filter>
    </ClCompile>
    <ClCompile Include="vender\JoltPhysics\Jolt\TriangleSplitter\TriangleSplitterMean.cpp">
      <Filter>Source Files</Filter>
    </ClCompile>
    <ClCompile Include="vender\JoltPhysics\Jolt\RegisterTypes.cpp">
      <Filter>Source Files</Filter>
    </ClCompile>
  </ItemGroup>
  <ItemGroup>
    <ClInclude Include="vender\imguii\imgui_impl_opengl3_loader.h">
      <Filter>Source Files\ImGUI</Filter>
    </ClInclude>
    <ClInclude Include="vender\imguii\imgui_internal.h">
      <Filter>Source Files\ImGUI</Filter>
    </ClInclude>
    <ClInclude Include="vender\imguii\imstb_rectpack.h">
      <Filter>Source Files\ImGUI</Filter>
    </ClInclude>
    <ClInclude Include="vender\imguii\imstb_textedit.h">
      <Filter>Source Files\ImGUI</Filter>
    </ClInclude>
    <ClInclude Include="vender\imguii\imstb_truetype.h">
      <Filter>Source Files\ImGUI</Filter>
    </ClInclude>
    <ClInclude Include="vender\imguii\imconfig.h">
      <Filter>Source Files\ImGUI</Filter>
    </ClInclude>
    <ClInclude Include="vender\imguii\imgui.h">
      <Filter>Source Files\ImGUI</Filter>
    </ClInclude>
    <ClInclude Include="vender\imguii\imgui_impl_glfw.h">
      <Filter>Source Files\ImGUI</Filter>
    </ClInclude>
    <ClInclude Include="vender\imguii\imgui_impl_opengl3.h">
      <Filter>Source Files\ImGUI</Filter>
    </ClInclude>
    <ClInclude Include="Shaders\VBO.h">
      <Filter>Header Files\Shaders</Filter>
    </ClInclude>
    <ClInclude Include="Shaders\VAO.h">
      <Filter>Header Files\Shaders</Filter>
    </ClInclude>
    <ClInclude Include="Shaders\ShaderClass.h">
      <Filter>Header Files\Shaders</Filter>
    </ClInclude>
    <ClInclude Include="Shaders\EBO.h">
      <Filter>Header Files\Shaders</Filter>
    </ClInclude>
    <ClInclude Include="Shaders\FrameBuffer.h">
      <Filter>Header Files\Shaders</Filter>
    </ClInclude>
    <ClInclude Include="Windows\Log.hpp">
      <Filter>Header Files\Windows</Filter>
    </ClInclude>
    <ClInclude Include="vender\stb_image.h">
      <Filter>Source Files\Vendor</Filter>
    </ClInclude>
    <ClInclude Include="Shaders\Texture.h">
      <Filter>Source Files\Shaders</Filter>
    </ClInclude>
    <ClInclude Include="Camera.h">
      <Filter>Source Files</Filter>
    </ClInclude>
    <ClInclude Include="Model.h">
      <Filter>Header Files</Filter>
    </ClInclude>
    <ClInclude Include="Mesh.h">
      <Filter>Header Files</Filter>
    </ClInclude>
    <ClInclude Include="Package\Hot.h">
      <Filter>Source Files\Package</Filter>
    </ClInclude>
    <ClInclude Include="Utils\ZLibHelpers.h">
      <Filter>Source Files\Utils</Filter>
    </ClInclude>
    <ClInclude Include="OpenGL_Stuff.h">
      <Filter>Header Files</Filter>
    </ClInclude>
    <ClInclude Include="VinceWindow.h">
      <Filter>Header Files</Filter>
    </ClInclude>
    <ClInclude Include="Actor.h">
      <Filter>Header Files</Filter>
    </ClInclude>
    <ClInclude Include="Component.h">
      <Filter>Header Files</Filter>
    </ClInclude>
    <ClInclude Include="Components\StaticMeshComponent.h">
      <Filter>Header Files</Filter>
    </ClInclude>
    <ClInclude Include="World.h">
      <Filter>Header Files</Filter>
    </ClInclude>
    <ClInclude Include="Actors\Lights\APointLight.h">
      <Filter>Header Files</Filter>
    </ClInclude>
    <ClInclude Include="Components\LightComponent.h">
      <Filter>Header Files</Filter>
    </ClInclude>
    <ClInclude Include="Actors\AStaticMesh.h">
      <Filter>Header Files</Filter>
    </ClInclude>
    <ClInclude Include="Components\MovementComponent.h">
      <Filter>Header Files</Filter>
    </ClInclude>
    <ClInclude Include="vender\JoltPhysics\Jolt\AABBTree\NodeCodec\NodeCodecQuadTreeHalfFloat.h">
      <Filter>Header Files</Filter>
    </ClInclude>
    <ClInclude Include="vender\JoltPhysics\Jolt\AABBTree\TriangleCodec\TriangleCodecIndexed8BitPackSOA4Flags.h">
      <Filter>Header Files</Filter>
    </ClInclude>
    <ClInclude Include="vender\JoltPhysics\Jolt\AABBTree\AABBTreeBuilder.h">
      <Filter>Header Files</Filter>
    </ClInclude>
    <ClInclude Include="vender\JoltPhysics\Jolt\AABBTree\AABBTreeToBuffer.h">
      <Filter>Header Files</Filter>
    </ClInclude>
    <ClInclude Include="vender\JoltPhysics\Jolt\Core\ARMNeon.h">
      <Filter>Header Files</Filter>
    </ClInclude>
    <ClInclude Include="vender\JoltPhysics\Jolt\Core\Array.h">
      <Filter>Header Files</Filter>
    </ClInclude>
    <ClInclude Include="vender\JoltPhysics\Jolt\Core\Atomics.h">
      <Filter>Header Files</Filter>
    </ClInclude>
    <ClInclude Include="vender\JoltPhysics\Jolt\Core\BinaryHeap.h">
      <Filter>Header Files</Filter>
    </ClInclude>
    <ClInclude Include="vender\JoltPhysics\Jolt\Core\ByteBuffer.h">
      <Filter>Header Files</Filter>
    </ClInclude>
    <ClInclude Include="vender\JoltPhysics\Jolt\Core\Color.h">
      <Filter>Header Files</Filter>
    </ClInclude>
    <ClInclude Include="vender\JoltPhysics\Jolt\Core\Core.h">
      <Filter>Header Files</Filter>
    </ClInclude>
    <ClInclude Include="vender\JoltPhysics\Jolt\Core\Factory.h">
      <Filter>Header Files</Filter>
    </ClInclude>
    <ClInclude Include="vender\JoltPhysics\Jolt\Core\FixedSizeFreeList.h">
      <Filter>Header Files</Filter>
    </ClInclude>
    <ClInclude Include="vender\JoltPhysics\Jolt\Core\FPControlWord.h">
      <Filter>Header Files</Filter>
    </ClInclude>
    <ClInclude Include="vender\JoltPhysics\Jolt\Core\FPException.h">
      <Filter>Header Files</Filter>
    </ClInclude>
    <ClInclude Include="vender\JoltPhysics\Jolt\Core\FPFlushDenormals.h">
      <Filter>Header Files</Filter>
    </ClInclude>
    <ClInclude Include="vender\JoltPhysics\Jolt\Core\HashCombine.h">
      <Filter>Header Files</Filter>
    </ClInclude>
    <ClInclude Include="vender\JoltPhysics\Jolt\Core\HashTable.h">
      <Filter>Header Files</Filter>
    </ClInclude>
    <ClInclude Include="vender\JoltPhysics\Jolt\Core\InsertionSort.h">
      <Filter>Header Files</Filter>
    </ClInclude>
    <ClInclude Include="vender\JoltPhysics\Jolt\Core\IssueReporting.h">
      <Filter>Header Files</Filter>
    </ClInclude>
    <ClInclude Include="vender\JoltPhysics\Jolt\Core\JobSystem.h">
      <Filter>Header Files</Filter>
    </ClInclude>
    <ClInclude Include="vender\JoltPhysics\Jolt\Core\JobSystemSingleThreaded.h">
      <Filter>Header Files</Filter>
    </ClInclude>
    <ClInclude Include="vender\JoltPhysics\Jolt\Core\JobSystemThreadPool.h">
      <Filter>Header Files</Filter>
    </ClInclude>
    <ClInclude Include="vender\JoltPhysics\Jolt\Core\JobSystemWithBarrier.h">
      <Filter>Header Files</Filter>
    </ClInclude>
    <ClInclude Include="vender\JoltPhysics\Jolt\Core\LinearCurve.h">
      <Filter>Header Files</Filter>
    </ClInclude>
    <ClInclude Include="vender\JoltPhysics\Jolt\Core\LockFreeHashMap.h">
      <Filter>Header Files</Filter>
    </ClInclude>
    <ClInclude Include="vender\JoltPhysics\Jolt\Core\Memory.h">
      <Filter>Header Files</Filter>
    </ClInclude>
    <ClInclude Include="vender\JoltPhysics\Jolt\Core\Mutex.h">
      <Filter>Header Files</Filter>
    </ClInclude>
    <ClInclude Include="vender\JoltPhysics\Jolt\Core\MutexArray.h">
      <Filter>Header Files</Filter>
    </ClInclude>
    <ClInclude Include="vender\JoltPhysics\Jolt\Core\NonCopyable.h">
      <Filter>Header Files</Filter>
    </ClInclude>
    <ClInclude Include="vender\JoltPhysics\Jolt\Core\Profiler.h">
      <Filter>Header Files</Filter>
    </ClInclude>
    <ClInclude Include="vender\JoltPhysics\Jolt\Core\QuickSort.h">
      <Filter>Header Files</Filter>
    </ClInclude>
    <ClInclude Include="vender\JoltPhysics\Jolt\Core\Reference.h">
      <Filter>Header Files</Filter>
    </ClInclude>
    <ClInclude Include="vender\JoltPhysics\Jolt\Core\Result.h">
      <Filter>Header Files</Filter>
    </ClInclude>
    <ClInclude Include="vender\JoltPhysics\Jolt\Core\RTTI.h">
      <Filter>Header Files</Filter>
    </ClInclude>
    <ClInclude Include="vender\JoltPhysics\Jolt\Core\ScopeExit.h">
      <Filter>Header Files</Filter>
    </ClInclude>
    <ClInclude Include="vender\JoltPhysics\Jolt\Core\Semaphore.h">
      <Filter>Header Files</Filter>
    </ClInclude>
    <ClInclude Include="vender\JoltPhysics\Jolt\Core\StaticArray.h">
      <Filter>Header Files</Filter>
    </ClInclude>
    <ClInclude Include="vender\JoltPhysics\Jolt\Core\STLAlignedAllocator.h">
      <Filter>Header Files</Filter>
    </ClInclude>
    <ClInclude Include="vender\JoltPhysics\Jolt\Core\STLAllocator.h">
      <Filter>Header Files</Filter>
    </ClInclude>
    <ClInclude Include="vender\JoltPhysics\Jolt\Core\STLLocalAllocator.h">
      <Filter>Header Files</Filter>
    </ClInclude>
    <ClInclude Include="vender\JoltPhysics\Jolt\Core\STLTempAllocator.h">
      <Filter>Header Files</Filter>
    </ClInclude>
    <ClInclude Include="vender\JoltPhysics\Jolt\Core\StreamIn.h">
      <Filter>Header Files</Filter>
    </ClInclude>
    <ClInclude Include="vender\JoltPhysics\Jolt\Core\StreamOut.h">
      <Filter>Header Files</Filter>
    </ClInclude>
    <ClInclude Include="vender\JoltPhysics\Jolt\Core\StreamUtils.h">
      <Filter>Header Files</Filter>
    </ClInclude>
    <ClInclude Include="vender\JoltPhysics\Jolt\Core\StreamWrapper.h">
      <Filter>Header Files</Filter>
    </ClInclude>
    <ClInclude Include="vender\JoltPhysics\Jolt\Core\StridedPtr.h">
      <Filter>Header Files</Filter>
    </ClInclude>
    <ClInclude Include="vender\JoltPhysics\Jolt\Core\StringTools.h">
      <Filter>Header Files</Filter>
    </ClInclude>
    <ClInclude Include="vender\JoltPhysics\Jolt\Core\TempAllocator.h">
      <Filter>Header Files</Filter>
    </ClInclude>
    <ClInclude Include="vender\JoltPhysics\Jolt\Core\TickCounter.h">
      <Filter>Header Files</Filter>
    </ClInclude>
    <ClInclude Include="vender\JoltPhysics\Jolt\Core\UnorderedMap.h">
      <Filter>Header Files</Filter>
    </ClInclude>
    <ClInclude Include="vender\JoltPhysics\Jolt\Core\UnorderedSet.h">
      <Filter>Header Files</Filter>
    </ClInclude>
    <ClInclude Include="vender\JoltPhysics\Jolt\Geometry\AABox.h">
      <Filter>Header Files</Filter>
    </ClInclude>
    <ClInclude Include="vender\JoltPhysics\Jolt\Geometry\AABox4.h">
      <Filter>Header Files</Filter>
    </ClInclude>
    <ClInclude Include="vender\JoltPhysics\Jolt\Geometry\ClipPoly.h">
      <Filter>Header Files</Filter>
    </ClInclude>
    <ClInclude Include="vender\JoltPhysics\Jolt\Geometry\ClosestPoint.h">
      <Filter>Header Files</Filter>
    </ClInclude>
    <ClInclude Include="vender\JoltPhysics\Jolt\Geometry\ConvexHullBuilder.h">
      <Filter>Header Files</Filter>
    </ClInclude>
    <ClInclude Include="vender\JoltPhysics\Jolt\Geometry\ConvexHullBuilder2D.h">
      <Filter>Header Files</Filter>
    </ClInclude>
    <ClInclude Include="vender\JoltPhysics\Jolt\Geometry\ConvexSupport.h">
      <Filter>Header Files</Filter>
    </ClInclude>
    <ClInclude Include="vender\JoltPhysics\Jolt\Geometry\Ellipse.h">
      <Filter>Header Files</Filter>
    </ClInclude>
    <ClInclude Include="vender\JoltPhysics\Jolt\Geometry\EPAConvexHullBuilder.h">
      <Filter>Header Files</Filter>
    </ClInclude>
    <ClInclude Include="vender\JoltPhysics\Jolt\Geometry\EPAPenetrationDepth.h">
      <Filter>Header Files</Filter>
    </ClInclude>
    <ClInclude Include="vender\JoltPhysics\Jolt\Geometry\GJKClosestPoint.h">
      <Filter>Header Files</Filter>
    </ClInclude>
    <ClInclude Include="vender\JoltPhysics\Jolt\Geometry\IndexedTriangle.h">
      <Filter>Header Files</Filter>
    </ClInclude>
    <ClInclude Include="vender\JoltPhysics\Jolt\Geometry\Indexify.h">
      <Filter>Header Files</Filter>
    </ClInclude>
    <ClInclude Include="vender\JoltPhysics\Jolt\Geometry\MortonCode.h">
      <Filter>Header Files</Filter>
    </ClInclude>
    <ClInclude Include="vender\JoltPhysics\Jolt\Geometry\OrientedBox.h">
      <Filter>Header Files</Filter>
    </ClInclude>
    <ClInclude Include="vender\JoltPhysics\Jolt\Geometry\Plane.h">
      <Filter>Header Files</Filter>
    </ClInclude>
    <ClInclude Include="vender\JoltPhysics\Jolt\Geometry\RayAABox.h">
      <Filter>Header Files</Filter>
    </ClInclude>
    <ClInclude Include="vender\JoltPhysics\Jolt\Geometry\RayCapsule.h">
      <Filter>Header Files</Filter>
    </ClInclude>
    <ClInclude Include="vender\JoltPhysics\Jolt\Geometry\RayCylinder.h">
      <Filter>Header Files</Filter>
    </ClInclude>
    <ClInclude Include="vender\JoltPhysics\Jolt\Geometry\RaySphere.h">
      <Filter>Header Files</Filter>
    </ClInclude>
    <ClInclude Include="vender\JoltPhysics\Jolt\Geometry\RayTriangle.h">
      <Filter>Header Files</Filter>
    </ClInclude>
    <ClInclude Include="vender\JoltPhysics\Jolt\Geometry\Sphere.h">
      <Filter>Header Files</Filter>
    </ClInclude>
    <ClInclude Include="vender\JoltPhysics\Jolt\Geometry\Triangle.h">
      <Filter>Header Files</Filter>
    </ClInclude>
    <ClInclude Include="vender\JoltPhysics\Jolt\Math\BVec16.h">
      <Filter>Header Files</Filter>
    </ClInclude>
    <ClInclude Include="vender\JoltPhysics\Jolt\Math\DMat44.h">
      <Filter>Header Files</Filter>
    </ClInclude>
    <ClInclude Include="vender\JoltPhysics\Jolt\Math\Double3.h">
      <Filter>Header Files</Filter>
    </ClInclude>
    <ClInclude Include="vender\JoltPhysics\Jolt\Math\DVec3.h">
      <Filter>Header Files</Filter>
    </ClInclude>
    <ClInclude Include="vender\JoltPhysics\Jolt\Math\DynMatrix.h">
      <Filter>Header Files</Filter>
    </ClInclude>
    <ClInclude Include="vender\JoltPhysics\Jolt\Math\EigenValueSymmetric.h">
      <Filter>Header Files</Filter>
    </ClInclude>
    <ClInclude Include="vender\JoltPhysics\Jolt\Math\FindRoot.h">
      <Filter>Header Files</Filter>
    </ClInclude>
    <ClInclude Include="vender\JoltPhysics\Jolt\Math\Float2.h">
      <Filter>Header Files</Filter>
    </ClInclude>
    <ClInclude Include="vender\JoltPhysics\Jolt\Math\Float3.h">
      <Filter>Header Files</Filter>
    </ClInclude>
    <ClInclude Include="vender\JoltPhysics\Jolt\Math\Float4.h">
      <Filter>Header Files</Filter>
    </ClInclude>
    <ClInclude Include="vender\JoltPhysics\Jolt\Math\GaussianElimination.h">
      <Filter>Header Files</Filter>
    </ClInclude>
    <ClInclude Include="vender\JoltPhysics\Jolt\Math\HalfFloat.h">
      <Filter>Header Files</Filter>
    </ClInclude>
    <ClInclude Include="vender\JoltPhysics\Jolt\Math\Mat44.h">
      <Filter>Header Files</Filter>
    </ClInclude>
    <ClInclude Include="vender\JoltPhysics\Jolt\Math\Math.h">
      <Filter>Header Files</Filter>
    </ClInclude>
    <ClInclude Include="vender\JoltPhysics\Jolt\Math\MathTypes.h">
      <Filter>Header Files</Filter>
    </ClInclude>
    <ClInclude Include="vender\JoltPhysics\Jolt\Math\Matrix.h">
      <Filter>Header Files</Filter>
    </ClInclude>
    <ClInclude Include="vender\JoltPhysics\Jolt\Math\Quat.h">
      <Filter>Header Files</Filter>
    </ClInclude>
    <ClInclude Include="vender\JoltPhysics\Jolt\Math\Real.h">
      <Filter>Header Files</Filter>
    </ClInclude>
    <ClInclude Include="vender\JoltPhysics\Jolt\Math\Swizzle.h">
      <Filter>Header Files</Filter>
    </ClInclude>
    <ClInclude Include="vender\JoltPhysics\Jolt\Math\Trigonometry.h">
      <Filter>Header Files</Filter>
    </ClInclude>
    <ClInclude Include="vender\JoltPhysics\Jolt\Math\UVec4.h">
      <Filter>Header Files</Filter>
    </ClInclude>
    <ClInclude Include="vender\JoltPhysics\Jolt\Math\Vec3.h">
      <Filter>Header Files</Filter>
    </ClInclude>
    <ClInclude Include="vender\JoltPhysics\Jolt\Math\Vec4.h">
      <Filter>Header Files</Filter>
    </ClInclude>
    <ClInclude Include="vender\JoltPhysics\Jolt\Math\Vector.h">
      <Filter>Header Files</Filter>
    </ClInclude>
    <ClInclude Include="vender\JoltPhysics\Jolt\ObjectStream\GetPrimitiveTypeOfType.h">
      <Filter>Header Files</Filter>
    </ClInclude>
    <ClInclude Include="vender\JoltPhysics\Jolt\ObjectStream\ObjectStream.h">
      <Filter>Header Files</Filter>
    </ClInclude>
    <ClInclude Include="vender\JoltPhysics\Jolt\ObjectStream\ObjectStreamBinaryIn.h">
      <Filter>Header Files</Filter>
    </ClInclude>
    <ClInclude Include="vender\JoltPhysics\Jolt\ObjectStream\ObjectStreamBinaryOut.h">
      <Filter>Header Files</Filter>
    </ClInclude>
    <ClInclude Include="vender\JoltPhysics\Jolt\ObjectStream\ObjectStreamIn.h">
      <Filter>Header Files</Filter>
    </ClInclude>
    <ClInclude Include="vender\JoltPhysics\Jolt\ObjectStream\ObjectStreamOut.h">
      <Filter>Header Files</Filter>
    </ClInclude>
    <ClInclude Include="vender\JoltPhysics\Jolt\ObjectStream\ObjectStreamTextIn.h">
      <Filter>Header Files</Filter>
    </ClInclude>
    <ClInclude Include="vender\JoltPhysics\Jolt\ObjectStream\ObjectStreamTextOut.h">
      <Filter>Header Files</Filter>
    </ClInclude>
    <ClInclude Include="vender\JoltPhysics\Jolt\ObjectStream\ObjectStreamTypes.h">
      <Filter>Header Files</Filter>
    </ClInclude>
    <ClInclude Include="vender\JoltPhysics\Jolt\ObjectStream\SerializableAttribute.h">
      <Filter>Header Files</Filter>
    </ClInclude>
    <ClInclude Include="vender\JoltPhysics\Jolt\ObjectStream\SerializableAttributeEnum.h">
      <Filter>Header Files</Filter>
    </ClInclude>
    <ClInclude Include="vender\JoltPhysics\Jolt\ObjectStream\SerializableAttributeTyped.h">
      <Filter>Header Files</Filter>
    </ClInclude>
    <ClInclude Include="vender\JoltPhysics\Jolt\ObjectStream\SerializableObject.h">
      <Filter>Header Files</Filter>
    </ClInclude>
    <ClInclude Include="vender\JoltPhysics\Jolt\ObjectStream\TypeDeclarations.h">
      <Filter>Header Files</Filter>
    </ClInclude>
    <ClInclude Include="vender\JoltPhysics\Jolt\Physics\Body\AllowedDOFs.h">
      <Filter>Header Files</Filter>
    </ClInclude>
    <ClInclude Include="vender\JoltPhysics\Jolt\Physics\Body\Body.h">
      <Filter>Header Files</Filter>
    </ClInclude>
    <ClInclude Include="vender\JoltPhysics\Jolt\Physics\Body\BodyAccess.h">
      <Filter>Header Files</Filter>
    </ClInclude>
    <ClInclude Include="vender\JoltPhysics\Jolt\Physics\Body\BodyActivationListener.h">
      <Filter>Header Files</Filter>
    </ClInclude>
    <ClInclude Include="vender\JoltPhysics\Jolt\Physics\Body\BodyCreationSettings.h">
      <Filter>Header Files</Filter>
    </ClInclude>
    <ClInclude Include="vender\JoltPhysics\Jolt\Physics\Body\BodyFilter.h">
      <Filter>Header Files</Filter>
    </ClInclude>
    <ClInclude Include="vender\JoltPhysics\Jolt\Physics\Body\BodyID.h">
      <Filter>Header Files</Filter>
    </ClInclude>
    <ClInclude Include="vender\JoltPhysics\Jolt\Physics\Body\BodyInterface.h">
      <Filter>Header Files</Filter>
    </ClInclude>
    <ClInclude Include="vender\JoltPhysics\Jolt\Physics\Body\BodyLock.h">
      <Filter>Header Files</Filter>
    </ClInclude>
    <ClInclude Include="vender\JoltPhysics\Jolt\Physics\Body\BodyLockInterface.h">
      <Filter>Header Files</Filter>
    </ClInclude>
    <ClInclude Include="vender\JoltPhysics\Jolt\Physics\Body\BodyLockMulti.h">
      <Filter>Header Files</Filter>
    </ClInclude>
    <ClInclude Include="vender\JoltPhysics\Jolt\Physics\Body\BodyManager.h">
      <Filter>Header Files</Filter>
    </ClInclude>
    <ClInclude Include="vender\JoltPhysics\Jolt\Physics\Body\BodyPair.h">
      <Filter>Header Files</Filter>
    </ClInclude>
    <ClInclude Include="vender\JoltPhysics\Jolt\Physics\Body\BodyType.h">
      <Filter>Header Files</Filter>
    </ClInclude>
    <ClInclude Include="vender\JoltPhysics\Jolt\Physics\Body\MassProperties.h">
      <Filter>Header Files</Filter>
    </ClInclude>
    <ClInclude Include="vender\JoltPhysics\Jolt\Physics\Body\MotionProperties.h">
      <Filter>Header Files</Filter>
    </ClInclude>
    <ClInclude Include="vender\JoltPhysics\Jolt\Physics\Body\MotionQuality.h">
      <Filter>Header Files</Filter>
    </ClInclude>
    <ClInclude Include="vender\JoltPhysics\Jolt\Physics\Body\MotionType.h">
      <Filter>Header Files</Filter>
    </ClInclude>
    <ClInclude Include="vender\JoltPhysics\Jolt\Physics\Character\Character.h">
      <Filter>Header Files</Filter>
    </ClInclude>
    <ClInclude Include="vender\JoltPhysics\Jolt\Physics\Character\CharacterBase.h">
      <Filter>Header Files</Filter>
    </ClInclude>
    <ClInclude Include="vender\JoltPhysics\Jolt\Physics\Character\CharacterID.h">
      <Filter>Header Files</Filter>
    </ClInclude>
    <ClInclude Include="vender\JoltPhysics\Jolt\Physics\Character\CharacterVirtual.h">
      <Filter>Header Files</Filter>
    </ClInclude>
    <ClInclude Include="vender\JoltPhysics\Jolt\Physics\Collision\BroadPhase\BroadPhase.h">
      <Filter>Header Files</Filter>
    </ClInclude>
    <ClInclude Include="vender\JoltPhysics\Jolt\Physics\Collision\BroadPhase\BroadPhaseBruteForce.h">
      <Filter>Header Files</Filter>
    </ClInclude>
    <ClInclude Include="vender\JoltPhysics\Jolt\Physics\Collision\BroadPhase\BroadPhaseLayer.h">
      <Filter>Header Files</Filter>
    </ClInclude>
    <ClInclude Include="vender\JoltPhysics\Jolt\Physics\Collision\BroadPhase\BroadPhaseLayerInterfaceMask.h">
      <Filter>Header Files</Filter>
    </ClInclude>
    <ClInclude Include="vender\JoltPhysics\Jolt\Physics\Collision\BroadPhase\BroadPhaseLayerInterfaceTable.h">
      <Filter>Header Files</Filter>
    </ClInclude>
    <ClInclude Include="vender\JoltPhysics\Jolt\Physics\Collision\BroadPhase\BroadPhaseQuadTree.h">
      <Filter>Header Files</Filter>
    </ClInclude>
    <ClInclude Include="vender\JoltPhysics\Jolt\Physics\Collision\BroadPhase\BroadPhaseQuery.h">
      <Filter>Header Files</Filter>
    </ClInclude>
    <ClInclude Include="vender\JoltPhysics\Jolt\Physics\Collision\BroadPhase\ObjectVsBroadPhaseLayerFilterMask.h">
      <Filter>Header Files</Filter>
    </ClInclude>
    <ClInclude Include="vender\JoltPhysics\Jolt\Physics\Collision\BroadPhase\ObjectVsBroadPhaseLayerFilterTable.h">
      <Filter>Header Files</Filter>
    </ClInclude>
    <ClInclude Include="vender\JoltPhysics\Jolt\Physics\Collision\BroadPhase\QuadTree.h">
      <Filter>Header Files</Filter>
    </ClInclude>
    <ClInclude Include="vender\JoltPhysics\Jolt\Physics\Collision\Shape\BoxShape.h">
      <Filter>Header Files</Filter>
    </ClInclude>
    <ClInclude Include="vender\JoltPhysics\Jolt\Physics\Collision\Shape\CapsuleShape.h">
      <Filter>Header Files</Filter>
    </ClInclude>
    <ClInclude Include="vender\JoltPhysics\Jolt\Physics\Collision\Shape\CompoundShape.h">
      <Filter>Header Files</Filter>
    </ClInclude>
    <ClInclude Include="vender\JoltPhysics\Jolt\Physics\Collision\Shape\CompoundShapeVisitors.h">
      <Filter>Header Files</Filter>
    </ClInclude>
    <ClInclude Include="vender\JoltPhysics\Jolt\Physics\Collision\Shape\ConvexHullShape.h">
      <Filter>Header Files</Filter>
    </ClInclude>
    <ClInclude Include="vender\JoltPhysics\Jolt\Physics\Collision\Shape\ConvexShape.h">
      <Filter>Header Files</Filter>
    </ClInclude>
    <ClInclude Include="vender\JoltPhysics\Jolt\Physics\Collision\Shape\CylinderShape.h">
      <Filter>Header Files</Filter>
    </ClInclude>
    <ClInclude Include="vender\JoltPhysics\Jolt\Physics\Collision\Shape\DecoratedShape.h">
      <Filter>Header Files</Filter>
    </ClInclude>
    <ClInclude Include="vender\JoltPhysics\Jolt\Physics\Collision\Shape\EmptyShape.h">
      <Filter>Header Files</Filter>
    </ClInclude>
    <ClInclude Include="vender\JoltPhysics\Jolt\Physics\Collision\Shape\GetTrianglesContext.h">
      <Filter>Header Files</Filter>
    </ClInclude>
    <ClInclude Include="vender\JoltPhysics\Jolt\Physics\Collision\Shape\HeightFieldShape.h">
      <Filter>Header Files</Filter>
    </ClInclude>
    <ClInclude Include="vender\JoltPhysics\Jolt\Physics\Collision\Shape\MeshShape.h">
      <Filter>Header Files</Filter>
    </ClInclude>
    <ClInclude Include="vender\JoltPhysics\Jolt\Physics\Collision\Shape\MutableCompoundShape.h">
      <Filter>Header Files</Filter>
    </ClInclude>
    <ClInclude Include="vender\JoltPhysics\Jolt\Physics\Collision\Shape\OffsetCenterOfMassShape.h">
      <Filter>Header Files</Filter>
    </ClInclude>
    <ClInclude Include="vender\JoltPhysics\Jolt\Physics\Collision\Shape\PlaneShape.h">
      <Filter>Header Files</Filter>
    </ClInclude>
    <ClInclude Include="vender\JoltPhysics\Jolt\Physics\Collision\Shape\PolyhedronSubmergedVolumeCalculator.h">
      <Filter>Header Files</Filter>
    </ClInclude>
    <ClInclude Include="vender\JoltPhysics\Jolt\Physics\Collision\Shape\RotatedTranslatedShape.h">
      <Filter>Header Files</Filter>
    </ClInclude>
    <ClInclude Include="vender\JoltPhysics\Jolt\Physics\Collision\Shape\ScaledShape.h">
      <Filter>Header Files</Filter>
    </ClInclude>
    <ClInclude Include="vender\JoltPhysics\Jolt\Physics\Collision\Shape\ScaleHelpers.h">
      <Filter>Header Files</Filter>
    </ClInclude>
    <ClInclude Include="vender\JoltPhysics\Jolt\Physics\Collision\Shape\Shape.h">
      <Filter>Header Files</Filter>
    </ClInclude>
    <ClInclude Include="vender\JoltPhysics\Jolt\Physics\Collision\Shape\SphereShape.h">
      <Filter>Header Files</Filter>
    </ClInclude>
    <ClInclude Include="vender\JoltPhysics\Jolt\Physics\Collision\Shape\StaticCompoundShape.h">
      <Filter>Header Files</Filter>
    </ClInclude>
    <ClInclude Include="vender\JoltPhysics\Jolt\Physics\Collision\Shape\SubShapeID.h">
      <Filter>Header Files</Filter>
    </ClInclude>
    <ClInclude Include="vender\JoltPhysics\Jolt\Physics\Collision\Shape\SubShapeIDPair.h">
      <Filter>Header Files</Filter>
    </ClInclude>
    <ClInclude Include="vender\JoltPhysics\Jolt\Physics\Collision\Shape\TaperedCapsuleShape.h">
      <Filter>Header Files</Filter>
    </ClInclude>
    <ClInclude Include="vender\JoltPhysics\Jolt\Physics\Collision\Shape\TaperedCylinderShape.h">
      <Filter>Header Files</Filter>
    </ClInclude>
    <ClInclude Include="vender\JoltPhysics\Jolt\Physics\Collision\Shape\TriangleShape.h">
      <Filter>Header Files</Filter>
    </ClInclude>
    <ClInclude Include="vender\JoltPhysics\Jolt\Physics\Collision\AABoxCast.h">
      <Filter>Header Files</Filter>
    </ClInclude>
    <ClInclude Include="vender\JoltPhysics\Jolt\Physics\Collision\ActiveEdgeMode.h">
      <Filter>Header Files</Filter>
    </ClInclude>
    <ClInclude Include="vender\JoltPhysics\Jolt\Physics\Collision\ActiveEdges.h">
      <Filter>Header Files</Filter>
    </ClInclude>
    <ClInclude Include="vender\JoltPhysics\Jolt\Physics\Collision\BackFaceMode.h">
      <Filter>Header Files</Filter>
    </ClInclude>
    <ClInclude Include="vender\JoltPhysics\Jolt\Physics\Collision\CastConvexVsTriangles.h">
      <Filter>Header Files</Filter>
    </ClInclude>
    <ClInclude Include="vender\JoltPhysics\Jolt\Physics\Collision\CastResult.h">
      <Filter>Header Files</Filter>
    </ClInclude>
    <ClInclude Include="vender\JoltPhysics\Jolt\Physics\Collision\CastSphereVsTriangles.h">
      <Filter>Header Files</Filter>
    </ClInclude>
    <ClInclude Include="vender\JoltPhysics\Jolt\Physics\Collision\CollectFacesMode.h">
      <Filter>Header Files</Filter>
    </ClInclude>
    <ClInclude Include="vender\JoltPhysics\Jolt\Physics\Collision\CollideConvexVsTriangles.h">
      <Filter>Header Files</Filter>
    </ClInclude>
    <ClInclude Include="vender\JoltPhysics\Jolt\Physics\Collision\CollidePointResult.h">
      <Filter>Header Files</Filter>
    </ClInclude>
    <ClInclude Include="vender\JoltPhysics\Jolt\Physics\Collision\CollideShape.h">
      <Filter>Header Files</Filter>
    </ClInclude>
    <ClInclude Include="vender\JoltPhysics\Jolt\Physics\Collision\CollideShapeVsShapePerLeaf.h">
      <Filter>Header Files</Filter>
    </ClInclude>
    <ClInclude Include="vender\JoltPhysics\Jolt\Physics\Collision\CollideSoftBodyVertexIterator.h">
      <Filter>Header Files</Filter>
    </ClInclude>
    <ClInclude Include="vender\JoltPhysics\Jolt\Physics\Collision\CollideSoftBodyVerticesVsTriangles.h">
      <Filter>Header Files</Filter>
    </ClInclude>
    <ClInclude Include="vender\JoltPhysics\Jolt\Physics\Collision\CollideSphereVsTriangles.h">
      <Filter>Header Files</Filter>
    </ClInclude>
    <ClInclude Include="vender\JoltPhysics\Jolt\Physics\Collision\CollisionCollector.h">
      <Filter>Header Files</Filter>
    </ClInclude>
    <ClInclude Include="vender\JoltPhysics\Jolt\Physics\Collision\CollisionCollectorImpl.h">
      <Filter>Header Files</Filter>
    </ClInclude>
    <ClInclude Include="vender\JoltPhysics\Jolt\Physics\Collision\CollisionDispatch.h">
      <Filter>Header Files</Filter>
    </ClInclude>
    <ClInclude Include="vender\JoltPhysics\Jolt\Physics\Collision\CollisionGroup.h">
      <Filter>Header Files</Filter>
    </ClInclude>
    <ClInclude Include="vender\JoltPhysics\Jolt\Physics\Collision\ContactListener.h">
      <Filter>Header Files</Filter>
    </ClInclude>
    <ClInclude Include="vender\JoltPhysics\Jolt\Physics\Collision\EstimateCollisionResponse.h">
      <Filter>Header Files</Filter>
    </ClInclude>
    <ClInclude Include="vender\JoltPhysics\Jolt\Physics\Collision\GroupFilter.h">
      <Filter>Header Files</Filter>
    </ClInclude>
    <ClInclude Include="vender\JoltPhysics\Jolt\Physics\Collision\GroupFilterTable.h">
      <Filter>Header Files</Filter>
    </ClInclude>
    <ClInclude Include="vender\JoltPhysics\Jolt\Physics\Collision\InternalEdgeRemovingCollector.h">
      <Filter>Header Files</Filter>
    </ClInclude>
    <ClInclude Include="vender\JoltPhysics\Jolt\Physics\Collision\ManifoldBetweenTwoFaces.h">
      <Filter>Header Files</Filter>
    </ClInclude>
    <ClInclude Include="vender\JoltPhysics\Jolt\Physics\Collision\NarrowPhaseQuery.h">
      <Filter>Header Files</Filter>
    </ClInclude>
    <ClInclude Include="vender\JoltPhysics\Jolt\Physics\Collision\NarrowPhaseStats.h">
      <Filter>Header Files</Filter>
    </ClInclude>
    <ClInclude Include="vender\JoltPhysics\Jolt\Physics\Collision\ObjectLayer.h">
      <Filter>Header Files</Filter>
    </ClInclude>
    <ClInclude Include="vender\JoltPhysics\Jolt\Physics\Collision\ObjectLayerPairFilterMask.h">
      <Filter>Header Files</Filter>
    </ClInclude>
    <ClInclude Include="vender\JoltPhysics\Jolt\Physics\Collision\ObjectLayerPairFilterTable.h">
      <Filter>Header Files</Filter>
    </ClInclude>
    <ClInclude Include="vender\JoltPhysics\Jolt\Physics\Collision\PhysicsMaterial.h">
      <Filter>Header Files</Filter>
    </ClInclude>
    <ClInclude Include="vender\JoltPhysics\Jolt\Physics\Collision\PhysicsMaterialSimple.h">
      <Filter>Header Files</Filter>
    </ClInclude>
    <ClInclude Include="vender\JoltPhysics\Jolt\Physics\Collision\RayCast.h">
      <Filter>Header Files</Filter>
    </ClInclude>
    <ClInclude Include="vender\JoltPhysics\Jolt\Physics\Collision\ShapeCast.h">
      <Filter>Header Files</Filter>
    </ClInclude>
    <ClInclude Include="vender\JoltPhysics\Jolt\Physics\Collision\ShapeFilter.h">
      <Filter>Header Files</Filter>
    </ClInclude>
    <ClInclude Include="vender\JoltPhysics\Jolt\Physics\Collision\SimShapeFilter.h">
      <Filter>Header Files</Filter>
    </ClInclude>
    <ClInclude Include="vender\JoltPhysics\Jolt\Physics\Collision\SimShapeFilterWrapper.h">
      <Filter>Header Files</Filter>
    </ClInclude>
    <ClInclude Include="vender\JoltPhysics\Jolt\Physics\Collision\SortReverseAndStore.h">
      <Filter>Header Files</Filter>
    </ClInclude>
    <ClInclude Include="vender\JoltPhysics\Jolt\Physics\Collision\TransformedShape.h">
      <Filter>Header Files</Filter>
    </ClInclude>
    <ClInclude Include="vender\JoltPhysics\Jolt\Physics\Constraints\ConstraintPart\AngleConstraintPart.h">
      <Filter>Header Files</Filter>
    </ClInclude>
    <ClInclude Include="vender\JoltPhysics\Jolt\Physics\Constraints\ConstraintPart\AxisConstraintPart.h">
      <Filter>Header Files</Filter>
    </ClInclude>
    <ClInclude Include="vender\JoltPhysics\Jolt\Physics\Constraints\ConstraintPart\DualAxisConstraintPart.h">
      <Filter>Header Files</Filter>
    </ClInclude>
    <ClInclude Include="vender\JoltPhysics\Jolt\Physics\Constraints\ConstraintPart\GearConstraintPart.h">
      <Filter>Header Files</Filter>
    </ClInclude>
    <ClInclude Include="vender\JoltPhysics\Jolt\Physics\Constraints\ConstraintPart\HingeRotationConstraintPart.h">
      <Filter>Header Files</Filter>
    </ClInclude>
    <ClInclude Include="vender\JoltPhysics\Jolt\Physics\Constraints\ConstraintPart\IndependentAxisConstraintPart.h">
      <Filter>Header Files</Filter>
    </ClInclude>
    <ClInclude Include="vender\JoltPhysics\Jolt\Physics\Constraints\ConstraintPart\PointConstraintPart.h">
      <Filter>Header Files</Filter>
    </ClInclude>
    <ClInclude Include="vender\JoltPhysics\Jolt\Physics\Constraints\ConstraintPart\RackAndPinionConstraintPart.h">
      <Filter>Header Files</Filter>
    </ClInclude>
    <ClInclude Include="vender\JoltPhysics\Jolt\Physics\Constraints\ConstraintPart\RotationEulerConstraintPart.h">
      <Filter>Header Files</Filter>
    </ClInclude>
    <ClInclude Include="vender\JoltPhysics\Jolt\Physics\Constraints\ConstraintPart\RotationQuatConstraintPart.h">
      <Filter>Header Files</Filter>
    </ClInclude>
    <ClInclude Include="vender\JoltPhysics\Jolt\Physics\Constraints\ConstraintPart\SpringPart.h">
      <Filter>Header Files</Filter>
    </ClInclude>
    <ClInclude Include="vender\JoltPhysics\Jolt\Physics\Constraints\ConstraintPart\SwingTwistConstraintPart.h">
      <Filter>Header Files</Filter>
    </ClInclude>
    <ClInclude Include="vender\JoltPhysics\Jolt\Physics\Constraints\CalculateSolverSteps.h">
      <Filter>Header Files</Filter>
    </ClInclude>
    <ClInclude Include="vender\JoltPhysics\Jolt\Physics\Constraints\ConeConstraint.h">
      <Filter>Header Files</Filter>
    </ClInclude>
    <ClInclude Include="vender\JoltPhysics\Jolt\Physics\Constraints\Constraint.h">
      <Filter>Header Files</Filter>
    </ClInclude>
    <ClInclude Include="vender\JoltPhysics\Jolt\Physics\Constraints\ConstraintManager.h">
      <Filter>Header Files</Filter>
    </ClInclude>
    <ClInclude Include="vender\JoltPhysics\Jolt\Physics\Constraints\ContactConstraintManager.h">
      <Filter>Header Files</Filter>
    </ClInclude>
    <ClInclude Include="vender\JoltPhysics\Jolt\Physics\Constraints\DistanceConstraint.h">
      <Filter>Header Files</Filter>
    </ClInclude>
    <ClInclude Include="vender\JoltPhysics\Jolt\Physics\Constraints\FixedConstraint.h">
      <Filter>Header Files</Filter>
    </ClInclude>
    <ClInclude Include="vender\JoltPhysics\Jolt\Physics\Constraints\GearConstraint.h">
      <Filter>Header Files</Filter>
    </ClInclude>
    <ClInclude Include="vender\JoltPhysics\Jolt\Physics\Constraints\HingeConstraint.h">
      <Filter>Header Files</Filter>
    </ClInclude>
    <ClInclude Include="vender\JoltPhysics\Jolt\Physics\Constraints\MotorSettings.h">
      <Filter>Header Files</Filter>
    </ClInclude>
    <ClInclude Include="vender\JoltPhysics\Jolt\Physics\Constraints\PathConstraint.h">
      <Filter>Header Files</Filter>
    </ClInclude>
    <ClInclude Include="vender\JoltPhysics\Jolt\Physics\Constraints\PathConstraintPath.h">
      <Filter>Header Files</Filter>
    </ClInclude>
    <ClInclude Include="vender\JoltPhysics\Jolt\Physics\Constraints\PathConstraintPathHermite.h">
      <Filter>Header Files</Filter>
    </ClInclude>
    <ClInclude Include="vender\JoltPhysics\Jolt\Physics\Constraints\PointConstraint.h">
      <Filter>Header Files</Filter>
    </ClInclude>
    <ClInclude Include="vender\JoltPhysics\Jolt\Physics\Constraints\PulleyConstraint.h">
      <Filter>Header Files</Filter>
    </ClInclude>
    <ClInclude Include="vender\JoltPhysics\Jolt\Physics\Constraints\RackAndPinionConstraint.h">
      <Filter>Header Files</Filter>
    </ClInclude>
    <ClInclude Include="vender\JoltPhysics\Jolt\Physics\Constraints\SixDOFConstraint.h">
      <Filter>Header Files</Filter>
    </ClInclude>
    <ClInclude Include="vender\JoltPhysics\Jolt\Physics\Constraints\SliderConstraint.h">
      <Filter>Header Files</Filter>
    </ClInclude>
    <ClInclude Include="vender\JoltPhysics\Jolt\Physics\Constraints\SpringSettings.h">
      <Filter>Header Files</Filter>
    </ClInclude>
    <ClInclude Include="vender\JoltPhysics\Jolt\Physics\Constraints\SwingTwistConstraint.h">
      <Filter>Header Files</Filter>
    </ClInclude>
    <ClInclude Include="vender\JoltPhysics\Jolt\Physics\Constraints\TwoBodyConstraint.h">
      <Filter>Header Files</Filter>
    </ClInclude>
    <ClInclude Include="vender\JoltPhysics\Jolt\Physics\Ragdoll\Ragdoll.h">
      <Filter>Header Files</Filter>
    </ClInclude>
    <ClInclude Include="vender\JoltPhysics\Jolt\Physics\SoftBody\SoftBodyContactListener.h">
      <Filter>Header Files</Filter>
    </ClInclude>
    <ClInclude Include="vender\JoltPhysics\Jolt\Physics\SoftBody\SoftBodyCreationSettings.h">
      <Filter>Header Files</Filter>
    </ClInclude>
    <ClInclude Include="vender\JoltPhysics\Jolt\Physics\SoftBody\SoftBodyManifold.h">
      <Filter>Header Files</Filter>
    </ClInclude>
    <ClInclude Include="vender\JoltPhysics\Jolt\Physics\SoftBody\SoftBodyMotionProperties.h">
      <Filter>Header Files</Filter>
    </ClInclude>
    <ClInclude Include="vender\JoltPhysics\Jolt\Physics\SoftBody\SoftBodyShape.h">
      <Filter>Header Files</Filter>
    </ClInclude>
    <ClInclude Include="vender\JoltPhysics\Jolt\Physics\SoftBody\SoftBodySharedSettings.h">
      <Filter>Header Files</Filter>
    </ClInclude>
    <ClInclude Include="vender\JoltPhysics\Jolt\Physics\SoftBody\SoftBodyUpdateContext.h">
      <Filter>Header Files</Filter>
    </ClInclude>
    <ClInclude Include="vender\JoltPhysics\Jolt\Physics\SoftBody\SoftBodyVertex.h">
      <Filter>Header Files</Filter>
    </ClInclude>
    <ClInclude Include="vender\JoltPhysics\Jolt\Physics\Vehicle\MotorcycleController.h">
      <Filter>Header Files</Filter>
    </ClInclude>
    <ClInclude Include="vender\JoltPhysics\Jolt\Physics\Vehicle\TrackedVehicleController.h">
      <Filter>Header Files</Filter>
    </ClInclude>
    <ClInclude Include="vender\JoltPhysics\Jolt\Physics\Vehicle\VehicleAntiRollBar.h">
      <Filter>Header Files</Filter>
    </ClInclude>
    <ClInclude Include="vender\JoltPhysics\Jolt\Physics\Vehicle\VehicleCollisionTester.h">
      <Filter>Header Files</Filter>
    </ClInclude>
    <ClInclude Include="vender\JoltPhysics\Jolt\Physics\Vehicle\VehicleConstraint.h">
      <Filter>Header Files</Filter>
    </ClInclude>
    <ClInclude Include="vender\JoltPhysics\Jolt\Physics\Vehicle\VehicleController.h">
      <Filter>Header Files</Filter>
    </ClInclude>
    <ClInclude Include="vender\JoltPhysics\Jolt\Physics\Vehicle\VehicleDifferential.h">
      <Filter>Header Files</Filter>
    </ClInclude>
    <ClInclude Include="vender\JoltPhysics\Jolt\Physics\Vehicle\VehicleEngine.h">
      <Filter>Header Files</Filter>
    </ClInclude>
    <ClInclude Include="vender\JoltPhysics\Jolt\Physics\Vehicle\VehicleTrack.h">
      <Filter>Header Files</Filter>
    </ClInclude>
    <ClInclude Include="vender\JoltPhysics\Jolt\Physics\Vehicle\VehicleTransmission.h">
      <Filter>Header Files</Filter>
    </ClInclude>
    <ClInclude Include="vender\JoltPhysics\Jolt\Physics\Vehicle\Wheel.h">
      <Filter>Header Files</Filter>
    </ClInclude>
    <ClInclude Include="vender\JoltPhysics\Jolt\Physics\Vehicle\WheeledVehicleController.h">
      <Filter>Header Files</Filter>
    </ClInclude>
    <ClInclude Include="vender\JoltPhysics\Jolt\Physics\DeterminismLog.h">
      <Filter>Header Files</Filter>
    </ClInclude>
    <ClInclude Include="vender\JoltPhysics\Jolt\Physics\EActivation.h">
      <Filter>Header Files</Filter>
    </ClInclude>
    <ClInclude Include="vender\JoltPhysics\Jolt\Physics\EPhysicsUpdateError.h">
      <Filter>Header Files</Filter>
    </ClInclude>
    <ClInclude Include="vender\JoltPhysics\Jolt\Physics\IslandBuilder.h">
      <Filter>Header Files</Filter>
    </ClInclude>
    <ClInclude Include="vender\JoltPhysics\Jolt\Physics\LargeIslandSplitter.h">
      <Filter>Header Files</Filter>
    </ClInclude>
    <ClInclude Include="vender\JoltPhysics\Jolt\Physics\PhysicsLock.h">
      <Filter>Header Files</Filter>
    </ClInclude>
    <ClInclude Include="vender\JoltPhysics\Jolt\Physics\PhysicsScene.h">
      <Filter>Header Files</Filter>
    </ClInclude>
    <ClInclude Include="vender\JoltPhysics\Jolt\Physics\PhysicsSettings.h">
      <Filter>Header Files</Filter>
    </ClInclude>
    <ClInclude Include="vender\JoltPhysics\Jolt\Physics\PhysicsStepListener.h">
      <Filter>Header Files</Filter>
    </ClInclude>
    <ClInclude Include="vender\JoltPhysics\Jolt\Physics\PhysicsSystem.h">
      <Filter>Header Files</Filter>
    </ClInclude>
    <ClInclude Include="vender\JoltPhysics\Jolt\Physics\PhysicsUpdateContext.h">
      <Filter>Header Files</Filter>
    </ClInclude>
    <ClInclude Include="vender\JoltPhysics\Jolt\Physics\StateRecorder.h">
      <Filter>Header Files</Filter>
    </ClInclude>
    <ClInclude Include="vender\JoltPhysics\Jolt\Physics\StateRecorderImpl.h">
      <Filter>Header Files</Filter>
    </ClInclude>
    <ClInclude Include="vender\JoltPhysics\Jolt\Renderer\DebugRenderer.h">
      <Filter>Header Files</Filter>
    </ClInclude>
    <ClInclude Include="vender\JoltPhysics\Jolt\Renderer\DebugRendererPlayback.h">
      <Filter>Header Files</Filter>
    </ClInclude>
    <ClInclude Include="vender\JoltPhysics\Jolt\Renderer\DebugRendererRecorder.h">
      <Filter>Header Files</Filter>
    </ClInclude>
    <ClInclude Include="vender\JoltPhysics\Jolt\Renderer\DebugRendererSimple.h">
      <Filter>Header Files</Filter>
    </ClInclude>
    <ClInclude Include="vender\JoltPhysics\Jolt\Skeleton\SkeletalAnimation.h">
      <Filter>Header Files</Filter>
    </ClInclude>
    <ClInclude Include="vender\JoltPhysics\Jolt\Skeleton\Skeleton.h">
      <Filter>Header Files</Filter>
    </ClInclude>
    <ClInclude Include="vender\JoltPhysics\Jolt\Skeleton\SkeletonMapper.h">
      <Filter>Header Files</Filter>
    </ClInclude>
    <ClInclude Include="vender\JoltPhysics\Jolt\Skeleton\SkeletonPose.h">
      <Filter>Header Files</Filter>
    </ClInclude>
    <ClInclude Include="vender\JoltPhysics\Jolt\TriangleSplitter\TriangleSplitter.h">
      <Filter>Header Files</Filter>
    </ClInclude>
    <ClInclude Include="vender\JoltPhysics\Jolt\TriangleSplitter\TriangleSplitterBinning.h">
      <Filter>Header Files</Filter>
    </ClInclude>
    <ClInclude Include="vender\JoltPhysics\Jolt\TriangleSplitter\TriangleSplitterMean.h">
      <Filter>Header Files</Filter>
    </ClInclude>
    <ClInclude Include="vender\JoltPhysics\Jolt\ConfigurationString.h">
      <Filter>Header Files</Filter>
    </ClInclude>
    <ClInclude Include="vender\JoltPhysics\Jolt\Jolt.h">
      <Filter>Header Files</Filter>
    </ClInclude>
    <ClInclude Include="vender\JoltPhysics\Jolt\RegisterTypes.h">
      <Filter>Header Files</Filter>
    </ClInclude>
    <ClInclude Include="Components\RigidBodyComponent.h">
      <Filter>Header Files</Filter>
    </ClInclude>
    <ClInclude Include="JoltHelpers.h">
      <Filter>Header Files</Filter>
    </ClInclude>
  </ItemGroup>
  <ItemGroup>
    <None Include="Shaders\Default.frag">
      <Filter>Resource Files\Shaders</Filter>
    </None>
    <None Include="Shaders\Default.vert">
      <Filter>Resource Files\Shaders</Filter>
    </None>
    <None Include="Shaders\light.frag">
      <Filter>Resource Files\Shaders</Filter>
    </None>
    <None Include="Shaders\light.vert">
      <Filter>Resource Files\Shaders</Filter>
    </None>
    <None Include="Shaders\Sky.frag">
      <Filter>Resource Files\Shaders</Filter>
    </None>
    <None Include="Shaders\Sky.vert">
      <Filter>Resource Files\Shaders</Filter>
    </None>
    <None Include="vender\JoltPhysics\Jolt\Core\FixedSizeFreeList.inl">
      <Filter>Header Files</Filter>
    </None>
    <None Include="vender\JoltPhysics\Jolt\Core\JobSystem.inl">
      <Filter>Header Files</Filter>
    </None>
    <None Include="vender\JoltPhysics\Jolt\Core\LockFreeHashMap.inl">
      <Filter>Header Files</Filter>
    </None>
    <None Include="vender\JoltPhysics\Jolt\Core\Profiler.inl">
      <Filter>Header Files</Filter>
    </None>
    <None Include="vender\JoltPhysics\Jolt\Math\BVec16.inl">
      <Filter>Header Files</Filter>
    </None>
    <None Include="vender\JoltPhysics\Jolt\Math\DMat44.inl">
      <Filter>Header Files</Filter>
    </None>
    <None Include="vender\JoltPhysics\Jolt\Math\DVec3.inl">
      <Filter>Header Files</Filter>
    </None>
    <None Include="vender\JoltPhysics\Jolt\Math\Mat44.inl">
      <Filter>Header Files</Filter>
    </None>
    <None Include="vender\JoltPhysics\Jolt\Math\Quat.inl">
      <Filter>Header Files</Filter>
    </None>
    <None Include="vender\JoltPhysics\Jolt\Math\UVec4.inl">
      <Filter>Header Files</Filter>
    </None>
    <None Include="vender\JoltPhysics\Jolt\Math\Vec3.inl">
      <Filter>Header Files</Filter>
    </None>
    <None Include="vender\JoltPhysics\Jolt\Math\Vec4.inl">
      <Filter>Header Files</Filter>
    </None>
    <None Include="vender\JoltPhysics\Jolt\Physics\Body\Body.inl">
      <Filter>Header Files</Filter>
    </None>
    <None Include="vender\JoltPhysics\Jolt\Physics\Body\MotionProperties.inl">
      <Filter>Header Files</Filter>
    </None>
  </ItemGroup>
</Project>